
Microsoft Visual Studio Solution File, Format Version 12.00
# Visual Studio Version 16
VisualStudioVersion = 16.0.30413.136
MinimumVisualStudioVersion = 10.0.40219.1
Project("{FAE04EC0-301F-11D3-BF4B-00C04F79EFBC}") = "WebApplication2", "WebApplication2\WebApplication2.csproj", "{624632EC-F3F2-467C-BEBE-2D2D6231CF69}"
EndProject
Global
	GlobalSection(SolutionConfigurationPlatforms) = preSolution
		Debug|Any CPU = Debug|Any CPU
		Release|Any CPU = Release|Any CPU
	EndGlobalSection
	GlobalSection(ProjectConfigurationPlatforms) = postSolution
		{624632EC-F3F2-467C-BEBE-2D2D6231CF69}.Debug|Any CPU.ActiveCfg = Debug|Any CPU
		{624632EC-F3F2-467C-BEBE-2D2D6231CF69}.Debug|Any CPU.Build.0 = Debug|Any CPU
		{624632EC-F3F2-467C-BEBE-2D2D6231CF69}.Release|Any CPU.ActiveCfg = Release|Any CPU
		{624632EC-F3F2-467C-BEBE-2D2D6231CF69}.Release|Any CPU.Build.0 = Release|Any CPU
	EndGlobalSection
	GlobalSection(SolutionProperties) = preSolution
		HideSolutionNode = FALSE
	EndGlobalSection
	GlobalSection(ExtensibilityGlobals) = postSolution
		SolutionGuid = {B3089469-5D92-4A52-AF7B-CA1CB9D0A832}
	EndGlobalSection
EndGlobal
